
Microsoft Visual Studio Solution File, Format Version 12.00
# Visual Studio 15
VisualStudioVersion = 15.0.28307.852
MinimumVisualStudioVersion = 10.0.40219.1
Project("{FAE04EC0-301F-11D3-BF4B-00C04F79EFBC}") = "02-HolaMundoWPF", "02-HolaMundoWPF\02-HolaMundoWPF.csproj", "{B60B7110-AF28-493B-962C-B3D523F2764C}"
EndProject
Global
	GlobalSection(SolutionConfigurationPlatforms) = preSolution
		Debug|Any CPU = Debug|Any CPU
		Release|Any CPU = Release|Any CPU
	EndGlobalSection
	GlobalSection(ProjectConfigurationPlatforms) = postSolution
		{B60B7110-AF28-493B-962C-B3D523F2764C}.Debug|Any CPU.ActiveCfg = Debug|Any CPU
		{B60B7110-AF28-493B-962C-B3D523F2764C}.Debug|Any CPU.Build.0 = Debug|Any CPU
		{B60B7110-AF28-493B-962C-B3D523F2764C}.Release|Any CPU.ActiveCfg = Release|Any CPU
		{B60B7110-AF28-493B-962C-B3D523F2764C}.Release|Any CPU.Build.0 = Release|Any CPU
	EndGlobalSection
	GlobalSection(SolutionProperties) = preSolution
		HideSolutionNode = FALSE
	EndGlobalSection
	GlobalSection(ExtensibilityGlobals) = postSolution
		SolutionGuid = {F5C1EB84-7B93-430E-8802-4A9AD3188B59}
	EndGlobalSection
EndGlobal
