
Microsoft Visual Studio Solution File, Format Version 12.00
# Visual Studio 15
VisualStudioVersion = 15.0.28307.902
MinimumVisualStudioVersion = 10.0.40219.1
Project("{FAE04EC0-301F-11D3-BF4B-00C04F79EFBC}") = "Examen-UI", "Examen-UI\Examen-UI.csproj", "{FE8B9349-D1B8-41A6-B8AB-C946E1BC16BD}"
EndProject
Project("{FAE04EC0-301F-11D3-BF4B-00C04F79EFBC}") = "ExameN-Entidades", "ExameN-Entidades\ExameN-Entidades.csproj", "{F5C7AC3A-F068-42CA-94A5-A6109D7E66A0}"
EndProject
Project("{FAE04EC0-301F-11D3-BF4B-00C04F79EFBC}") = "ExameN-DAL", "ExameN-DAL\ExameN-DAL.csproj", "{ACE4FF6E-B7CF-4683-A356-324B733BC671}"
EndProject
Project("{FAE04EC0-301F-11D3-BF4B-00C04F79EFBC}") = "ExameN-BL", "ExameN-BL\ExameN-BL.csproj", "{C76F6749-52F5-4A37-B68E-48D5267E7A2F}"
EndProject
Global
	GlobalSection(SolutionConfigurationPlatforms) = preSolution
		Debug|Any CPU = Debug|Any CPU
		Debug|ARM = Debug|ARM
		Debug|ARM64 = Debug|ARM64
		Debug|x64 = Debug|x64
		Debug|x86 = Debug|x86
		Release|Any CPU = Release|Any CPU
		Release|ARM = Release|ARM
		Release|ARM64 = Release|ARM64
		Release|x64 = Release|x64
		Release|x86 = Release|x86
	EndGlobalSection
	GlobalSection(ProjectConfigurationPlatforms) = postSolution
		{FE8B9349-D1B8-41A6-B8AB-C946E1BC16BD}.Debug|Any CPU.ActiveCfg = Debug|x86
		{FE8B9349-D1B8-41A6-B8AB-C946E1BC16BD}.Debug|ARM.ActiveCfg = Debug|ARM
		{FE8B9349-D1B8-41A6-B8AB-C946E1BC16BD}.Debug|ARM.Build.0 = Debug|ARM
		{FE8B9349-D1B8-41A6-B8AB-C946E1BC16BD}.Debug|ARM.Deploy.0 = Debug|ARM
		{FE8B9349-D1B8-41A6-B8AB-C946E1BC16BD}.Debug|ARM64.ActiveCfg = Debug|ARM64
		{FE8B9349-D1B8-41A6-B8AB-C946E1BC16BD}.Debug|ARM64.Build.0 = Debug|ARM64
		{FE8B9349-D1B8-41A6-B8AB-C946E1BC16BD}.Debug|ARM64.Deploy.0 = Debug|ARM64
		{FE8B9349-D1B8-41A6-B8AB-C946E1BC16BD}.Debug|x64.ActiveCfg = Debug|x64
		{FE8B9349-D1B8-41A6-B8AB-C946E1BC16BD}.Debug|x64.Build.0 = Debug|x64
		{FE8B9349-D1B8-41A6-B8AB-C946E1BC16BD}.Debug|x64.Deploy.0 = Debug|x64
		{FE8B9349-D1B8-41A6-B8AB-C946E1BC16BD}.Debug|x86.ActiveCfg = Debug|x86
		{FE8B9349-D1B8-41A6-B8AB-C946E1BC16BD}.Debug|x86.Build.0 = Debug|x86
		{FE8B9349-D1B8-41A6-B8AB-C946E1BC16BD}.Debug|x86.Deploy.0 = Debug|x86
		{FE8B9349-D1B8-41A6-B8AB-C946E1BC16BD}.Release|Any CPU.ActiveCfg = Release|x86
		{FE8B9349-D1B8-41A6-B8AB-C946E1BC16BD}.Release|ARM.ActiveCfg = Release|ARM
		{FE8B9349-D1B8-41A6-B8AB-C946E1BC16BD}.Release|ARM.Build.0 = Release|ARM
		{FE8B9349-D1B8-41A6-B8AB-C946E1BC16BD}.Release|ARM.Deploy.0 = Release|ARM
		{FE8B9349-D1B8-41A6-B8AB-C946E1BC16BD}.Release|ARM64.ActiveCfg = Release|ARM64
		{FE8B9349-D1B8-41A6-B8AB-C946E1BC16BD}.Release|ARM64.Build.0 = Release|ARM64
		{FE8B9349-D1B8-41A6-B8AB-C946E1BC16BD}.Release|ARM64.Deploy.0 = Release|ARM64
		{FE8B9349-D1B8-41A6-B8AB-C946E1BC16BD}.Release|x64.ActiveCfg = Release|x64
		{FE8B9349-D1B8-41A6-B8AB-C946E1BC16BD}.Release|x64.Build.0 = Release|x64
		{FE8B9349-D1B8-41A6-B8AB-C946E1BC16BD}.Release|x64.Deploy.0 = Release|x64
		{FE8B9349-D1B8-41A6-B8AB-C946E1BC16BD}.Release|x86.ActiveCfg = Release|x86
		{FE8B9349-D1B8-41A6-B8AB-C946E1BC16BD}.Release|x86.Build.0 = Release|x86
		{FE8B9349-D1B8-41A6-B8AB-C946E1BC16BD}.Release|x86.Deploy.0 = Release|x86
		{F5C7AC3A-F068-42CA-94A5-A6109D7E66A0}.Debug|Any CPU.ActiveCfg = Debug|Any CPU
		{F5C7AC3A-F068-42CA-94A5-A6109D7E66A0}.Debug|Any CPU.Build.0 = Debug|Any CPU
		{F5C7AC3A-F068-42CA-94A5-A6109D7E66A0}.Debug|ARM.ActiveCfg = Debug|ARM
		{F5C7AC3A-F068-42CA-94A5-A6109D7E66A0}.Debug|ARM.Build.0 = Debug|ARM
		{F5C7AC3A-F068-42CA-94A5-A6109D7E66A0}.Debug|ARM64.ActiveCfg = Debug|ARM64
		{F5C7AC3A-F068-42CA-94A5-A6109D7E66A0}.Debug|ARM64.Build.0 = Debug|ARM64
		{F5C7AC3A-F068-42CA-94A5-A6109D7E66A0}.Debug|x64.ActiveCfg = Debug|x64
		{F5C7AC3A-F068-42CA-94A5-A6109D7E66A0}.Debug|x64.Build.0 = Debug|x64
		{F5C7AC3A-F068-42CA-94A5-A6109D7E66A0}.Debug|x86.ActiveCfg = Debug|x86
		{F5C7AC3A-F068-42CA-94A5-A6109D7E66A0}.Debug|x86.Build.0 = Debug|x86
		{F5C7AC3A-F068-42CA-94A5-A6109D7E66A0}.Release|Any CPU.ActiveCfg = Release|Any CPU
		{F5C7AC3A-F068-42CA-94A5-A6109D7E66A0}.Release|Any CPU.Build.0 = Release|Any CPU
		{F5C7AC3A-F068-42CA-94A5-A6109D7E66A0}.Release|ARM.ActiveCfg = Release|ARM
		{F5C7AC3A-F068-42CA-94A5-A6109D7E66A0}.Release|ARM.Build.0 = Release|ARM
		{F5C7AC3A-F068-42CA-94A5-A6109D7E66A0}.Release|ARM64.ActiveCfg = Release|ARM64
		{F5C7AC3A-F068-42CA-94A5-A6109D7E66A0}.Release|ARM64.Build.0 = Release|ARM64
		{F5C7AC3A-F068-42CA-94A5-A6109D7E66A0}.Release|x64.ActiveCfg = Release|x64
		{F5C7AC3A-F068-42CA-94A5-A6109D7E66A0}.Release|x64.Build.0 = Release|x64
		{F5C7AC3A-F068-42CA-94A5-A6109D7E66A0}.Release|x86.ActiveCfg = Release|x86
		{F5C7AC3A-F068-42CA-94A5-A6109D7E66A0}.Release|x86.Build.0 = Release|x86
		{ACE4FF6E-B7CF-4683-A356-324B733BC671}.Debug|Any CPU.ActiveCfg = Debug|Any CPU
		{ACE4FF6E-B7CF-4683-A356-324B733BC671}.Debug|Any CPU.Build.0 = Debug|Any CPU
		{ACE4FF6E-B7CF-4683-A356-324B733BC671}.Debug|ARM.ActiveCfg = Debug|ARM
		{ACE4FF6E-B7CF-4683-A356-324B733BC671}.Debug|ARM.Build.0 = Debug|ARM
		{ACE4FF6E-B7CF-4683-A356-324B733BC671}.Debug|ARM64.ActiveCfg = Debug|ARM64
		{ACE4FF6E-B7CF-4683-A356-324B733BC671}.Debug|ARM64.Build.0 = Debug|ARM64
		{ACE4FF6E-B7CF-4683-A356-324B733BC671}.Debug|x64.ActiveCfg = Debug|x64
		{ACE4FF6E-B7CF-4683-A356-324B733BC671}.Debug|x64.Build.0 = Debug|x64
		{ACE4FF6E-B7CF-4683-A356-324B733BC671}.Debug|x86.ActiveCfg = Debug|x86
		{ACE4FF6E-B7CF-4683-A356-324B733BC671}.Debug|x86.Build.0 = Debug|x86
		{ACE4FF6E-B7CF-4683-A356-324B733BC671}.Release|Any CPU.ActiveCfg = Release|Any CPU
		{ACE4FF6E-B7CF-4683-A356-324B733BC671}.Release|Any CPU.Build.0 = Release|Any CPU
		{ACE4FF6E-B7CF-4683-A356-324B733BC671}.Release|ARM.ActiveCfg = Release|ARM
		{ACE4FF6E-B7CF-4683-A356-324B733BC671}.Release|ARM.Build.0 = Release|ARM
		{ACE4FF6E-B7CF-4683-A356-324B733BC671}.Release|ARM64.ActiveCfg = Release|ARM64
		{ACE4FF6E-B7CF-4683-A356-324B733BC671}.Release|ARM64.Build.0 = Release|ARM64
		{ACE4FF6E-B7CF-4683-A356-324B733BC671}.Release|x64.ActiveCfg = Release|x64
		{ACE4FF6E-B7CF-4683-A356-324B733BC671}.Release|x64.Build.0 = Release|x64
		{ACE4FF6E-B7CF-4683-A356-324B733BC671}.Release|x86.ActiveCfg = Release|x86
		{ACE4FF6E-B7CF-4683-A356-324B733BC671}.Release|x86.Build.0 = Release|x86
		{C76F6749-52F5-4A37-B68E-48D5267E7A2F}.Debug|Any CPU.ActiveCfg = Debug|Any CPU
		{C76F6749-52F5-4A37-B68E-48D5267E7A2F}.Debug|Any CPU.Build.0 = Debug|Any CPU
		{C76F6749-52F5-4A37-B68E-48D5267E7A2F}.Debug|ARM.ActiveCfg = Debug|ARM
		{C76F6749-52F5-4A37-B68E-48D5267E7A2F}.Debug|ARM.Build.0 = Debug|ARM
		{C76F6749-52F5-4A37-B68E-48D5267E7A2F}.Debug|ARM64.ActiveCfg = Debug|ARM64
		{C76F6749-52F5-4A37-B68E-48D5267E7A2F}.Debug|ARM64.Build.0 = Debug|ARM64
		{C76F6749-52F5-4A37-B68E-48D5267E7A2F}.Debug|x64.ActiveCfg = Debug|x64
		{C76F6749-52F5-4A37-B68E-48D5267E7A2F}.Debug|x64.Build.0 = Debug|x64
		{C76F6749-52F5-4A37-B68E-48D5267E7A2F}.Debug|x86.ActiveCfg = Debug|x86
		{C76F6749-52F5-4A37-B68E-48D5267E7A2F}.Debug|x86.Build.0 = Debug|x86
		{C76F6749-52F5-4A37-B68E-48D5267E7A2F}.Release|Any CPU.ActiveCfg = Release|Any CPU
		{C76F6749-52F5-4A37-B68E-48D5267E7A2F}.Release|Any CPU.Build.0 = Release|Any CPU
		{C76F6749-52F5-4A37-B68E-48D5267E7A2F}.Release|ARM.ActiveCfg = Release|ARM
		{C76F6749-52F5-4A37-B68E-48D5267E7A2F}.Release|ARM.Build.0 = Release|ARM
		{C76F6749-52F5-4A37-B68E-48D5267E7A2F}.Release|ARM64.ActiveCfg = Release|ARM64
		{C76F6749-52F5-4A37-B68E-48D5267E7A2F}.Release|ARM64.Build.0 = Release|ARM64
		{C76F6749-52F5-4A37-B68E-48D5267E7A2F}.Release|x64.ActiveCfg = Release|x64
		{C76F6749-52F5-4A37-B68E-48D5267E7A2F}.Release|x64.Build.0 = Release|x64
		{C76F6749-52F5-4A37-B68E-48D5267E7A2F}.Release|x86.ActiveCfg = Release|x86
		{C76F6749-52F5-4A37-B68E-48D5267E7A2F}.Release|x86.Build.0 = Release|x86
	EndGlobalSection
	GlobalSection(SolutionProperties) = preSolution
		HideSolutionNode = FALSE
	EndGlobalSection
	GlobalSection(ExtensibilityGlobals) = postSolution
		SolutionGuid = {92BFF8F2-6AD0-4D83-94A4-3428490310E9}
	EndGlobalSection
EndGlobal
