
Microsoft Visual Studio Solution File, Format Version 12.00
# Visual Studio 15
VisualStudioVersion = 15.0.28307.902
MinimumVisualStudioVersion = 10.0.40219.1
Project("{FAE04EC0-301F-11D3-BF4B-00C04F79EFBC}") = "14-CRUD_PersonasUWP_UI", "14-CRUD_PersonasUWP_UI\14-CRUD_PersonasUWP_UI.csproj", "{A985E609-8B22-49A2-86C2-17B22EDC4213}"
EndProject
Project("{FAE04EC0-301F-11D3-BF4B-00C04F79EFBC}") = "14-CRUD_PersonasUWP_DAL", "14-CRUD_PersonasUWP_DAL\14-CRUD_PersonasUWP_DAL.csproj", "{6BEDB492-C68F-40F9-9FDF-BFFB5E63C25F}"
EndProject
Project("{FAE04EC0-301F-11D3-BF4B-00C04F79EFBC}") = "14-CRUD_PersonasUWP_Entidades", "14-CRUD_PersonasUWP_Entidades\14-CRUD_PersonasUWP_Entidades.csproj", "{D6574854-3703-465F-BBA9-92FA0E4951FA}"
EndProject
Project("{FAE04EC0-301F-11D3-BF4B-00C04F79EFBC}") = "14-CRUD_PersonasUWP_BL", "14-CRUD_PersonasUWP_BL\14-CRUD_PersonasUWP_BL.csproj", "{B181F311-AD89-47C1-81F3-ABD30D5EF5BC}"
EndProject
Global
	GlobalSection(SolutionConfigurationPlatforms) = preSolution
		Debug|Any CPU = Debug|Any CPU
		Debug|ARM = Debug|ARM
		Debug|ARM64 = Debug|ARM64
		Debug|x64 = Debug|x64
		Debug|x86 = Debug|x86
		Release|Any CPU = Release|Any CPU
		Release|ARM = Release|ARM
		Release|ARM64 = Release|ARM64
		Release|x64 = Release|x64
		Release|x86 = Release|x86
	EndGlobalSection
	GlobalSection(ProjectConfigurationPlatforms) = postSolution
		{A985E609-8B22-49A2-86C2-17B22EDC4213}.Debug|Any CPU.ActiveCfg = Debug|x86
		{A985E609-8B22-49A2-86C2-17B22EDC4213}.Debug|ARM.ActiveCfg = Debug|ARM
		{A985E609-8B22-49A2-86C2-17B22EDC4213}.Debug|ARM.Build.0 = Debug|ARM
		{A985E609-8B22-49A2-86C2-17B22EDC4213}.Debug|ARM.Deploy.0 = Debug|ARM
		{A985E609-8B22-49A2-86C2-17B22EDC4213}.Debug|ARM64.ActiveCfg = Debug|ARM64
		{A985E609-8B22-49A2-86C2-17B22EDC4213}.Debug|ARM64.Build.0 = Debug|ARM64
		{A985E609-8B22-49A2-86C2-17B22EDC4213}.Debug|ARM64.Deploy.0 = Debug|ARM64
		{A985E609-8B22-49A2-86C2-17B22EDC4213}.Debug|x64.ActiveCfg = Debug|x64
		{A985E609-8B22-49A2-86C2-17B22EDC4213}.Debug|x64.Build.0 = Debug|x64
		{A985E609-8B22-49A2-86C2-17B22EDC4213}.Debug|x64.Deploy.0 = Debug|x64
		{A985E609-8B22-49A2-86C2-17B22EDC4213}.Debug|x86.ActiveCfg = Debug|x86
		{A985E609-8B22-49A2-86C2-17B22EDC4213}.Debug|x86.Build.0 = Debug|x86
		{A985E609-8B22-49A2-86C2-17B22EDC4213}.Debug|x86.Deploy.0 = Debug|x86
		{A985E609-8B22-49A2-86C2-17B22EDC4213}.Release|Any CPU.ActiveCfg = Release|x86
		{A985E609-8B22-49A2-86C2-17B22EDC4213}.Release|ARM.ActiveCfg = Release|ARM
		{A985E609-8B22-49A2-86C2-17B22EDC4213}.Release|ARM.Build.0 = Release|ARM
		{A985E609-8B22-49A2-86C2-17B22EDC4213}.Release|ARM.Deploy.0 = Release|ARM
		{A985E609-8B22-49A2-86C2-17B22EDC4213}.Release|ARM64.ActiveCfg = Release|ARM64
		{A985E609-8B22-49A2-86C2-17B22EDC4213}.Release|ARM64.Build.0 = Release|ARM64
		{A985E609-8B22-49A2-86C2-17B22EDC4213}.Release|ARM64.Deploy.0 = Release|ARM64
		{A985E609-8B22-49A2-86C2-17B22EDC4213}.Release|x64.ActiveCfg = Release|x64
		{A985E609-8B22-49A2-86C2-17B22EDC4213}.Release|x64.Build.0 = Release|x64
		{A985E609-8B22-49A2-86C2-17B22EDC4213}.Release|x64.Deploy.0 = Release|x64
		{A985E609-8B22-49A2-86C2-17B22EDC4213}.Release|x86.ActiveCfg = Release|x86
		{A985E609-8B22-49A2-86C2-17B22EDC4213}.Release|x86.Build.0 = Release|x86
		{A985E609-8B22-49A2-86C2-17B22EDC4213}.Release|x86.Deploy.0 = Release|x86
		{6BEDB492-C68F-40F9-9FDF-BFFB5E63C25F}.Debug|Any CPU.ActiveCfg = Debug|Any CPU
		{6BEDB492-C68F-40F9-9FDF-BFFB5E63C25F}.Debug|Any CPU.Build.0 = Debug|Any CPU
		{6BEDB492-C68F-40F9-9FDF-BFFB5E63C25F}.Debug|ARM.ActiveCfg = Debug|ARM
		{6BEDB492-C68F-40F9-9FDF-BFFB5E63C25F}.Debug|ARM.Build.0 = Debug|ARM
		{6BEDB492-C68F-40F9-9FDF-BFFB5E63C25F}.Debug|ARM64.ActiveCfg = Debug|ARM64
		{6BEDB492-C68F-40F9-9FDF-BFFB5E63C25F}.Debug|ARM64.Build.0 = Debug|ARM64
		{6BEDB492-C68F-40F9-9FDF-BFFB5E63C25F}.Debug|x64.ActiveCfg = Debug|x64
		{6BEDB492-C68F-40F9-9FDF-BFFB5E63C25F}.Debug|x64.Build.0 = Debug|x64
		{6BEDB492-C68F-40F9-9FDF-BFFB5E63C25F}.Debug|x86.ActiveCfg = Debug|x86
		{6BEDB492-C68F-40F9-9FDF-BFFB5E63C25F}.Debug|x86.Build.0 = Debug|x86
		{6BEDB492-C68F-40F9-9FDF-BFFB5E63C25F}.Release|Any CPU.ActiveCfg = Release|Any CPU
		{6BEDB492-C68F-40F9-9FDF-BFFB5E63C25F}.Release|Any CPU.Build.0 = Release|Any CPU
		{6BEDB492-C68F-40F9-9FDF-BFFB5E63C25F}.Release|ARM.ActiveCfg = Release|ARM
		{6BEDB492-C68F-40F9-9FDF-BFFB5E63C25F}.Release|ARM.Build.0 = Release|ARM
		{6BEDB492-C68F-40F9-9FDF-BFFB5E63C25F}.Release|ARM64.ActiveCfg = Release|ARM64
		{6BEDB492-C68F-40F9-9FDF-BFFB5E63C25F}.Release|ARM64.Build.0 = Release|ARM64
		{6BEDB492-C68F-40F9-9FDF-BFFB5E63C25F}.Release|x64.ActiveCfg = Release|x64
		{6BEDB492-C68F-40F9-9FDF-BFFB5E63C25F}.Release|x64.Build.0 = Release|x64
		{6BEDB492-C68F-40F9-9FDF-BFFB5E63C25F}.Release|x86.ActiveCfg = Release|x86
		{6BEDB492-C68F-40F9-9FDF-BFFB5E63C25F}.Release|x86.Build.0 = Release|x86
		{D6574854-3703-465F-BBA9-92FA0E4951FA}.Debug|Any CPU.ActiveCfg = Debug|Any CPU
		{D6574854-3703-465F-BBA9-92FA0E4951FA}.Debug|Any CPU.Build.0 = Debug|Any CPU
		{D6574854-3703-465F-BBA9-92FA0E4951FA}.Debug|ARM.ActiveCfg = Debug|ARM
		{D6574854-3703-465F-BBA9-92FA0E4951FA}.Debug|ARM.Build.0 = Debug|ARM
		{D6574854-3703-465F-BBA9-92FA0E4951FA}.Debug|ARM64.ActiveCfg = Debug|ARM64
		{D6574854-3703-465F-BBA9-92FA0E4951FA}.Debug|ARM64.Build.0 = Debug|ARM64
		{D6574854-3703-465F-BBA9-92FA0E4951FA}.Debug|x64.ActiveCfg = Debug|x64
		{D6574854-3703-465F-BBA9-92FA0E4951FA}.Debug|x64.Build.0 = Debug|x64
		{D6574854-3703-465F-BBA9-92FA0E4951FA}.Debug|x86.ActiveCfg = Debug|x86
		{D6574854-3703-465F-BBA9-92FA0E4951FA}.Debug|x86.Build.0 = Debug|x86
		{D6574854-3703-465F-BBA9-92FA0E4951FA}.Release|Any CPU.ActiveCfg = Release|Any CPU
		{D6574854-3703-465F-BBA9-92FA0E4951FA}.Release|Any CPU.Build.0 = Release|Any CPU
		{D6574854-3703-465F-BBA9-92FA0E4951FA}.Release|ARM.ActiveCfg = Release|ARM
		{D6574854-3703-465F-BBA9-92FA0E4951FA}.Release|ARM.Build.0 = Release|ARM
		{D6574854-3703-465F-BBA9-92FA0E4951FA}.Release|ARM64.ActiveCfg = Release|ARM64
		{D6574854-3703-465F-BBA9-92FA0E4951FA}.Release|ARM64.Build.0 = Release|ARM64
		{D6574854-3703-465F-BBA9-92FA0E4951FA}.Release|x64.ActiveCfg = Release|x64
		{D6574854-3703-465F-BBA9-92FA0E4951FA}.Release|x64.Build.0 = Release|x64
		{D6574854-3703-465F-BBA9-92FA0E4951FA}.Release|x86.ActiveCfg = Release|x86
		{D6574854-3703-465F-BBA9-92FA0E4951FA}.Release|x86.Build.0 = Release|x86
		{B181F311-AD89-47C1-81F3-ABD30D5EF5BC}.Debug|Any CPU.ActiveCfg = Debug|Any CPU
		{B181F311-AD89-47C1-81F3-ABD30D5EF5BC}.Debug|Any CPU.Build.0 = Debug|Any CPU
		{B181F311-AD89-47C1-81F3-ABD30D5EF5BC}.Debug|ARM.ActiveCfg = Debug|ARM
		{B181F311-AD89-47C1-81F3-ABD30D5EF5BC}.Debug|ARM.Build.0 = Debug|ARM
		{B181F311-AD89-47C1-81F3-ABD30D5EF5BC}.Debug|ARM64.ActiveCfg = Debug|ARM64
		{B181F311-AD89-47C1-81F3-ABD30D5EF5BC}.Debug|ARM64.Build.0 = Debug|ARM64
		{B181F311-AD89-47C1-81F3-ABD30D5EF5BC}.Debug|x64.ActiveCfg = Debug|x64
		{B181F311-AD89-47C1-81F3-ABD30D5EF5BC}.Debug|x64.Build.0 = Debug|x64
		{B181F311-AD89-47C1-81F3-ABD30D5EF5BC}.Debug|x86.ActiveCfg = Debug|x86
		{B181F311-AD89-47C1-81F3-ABD30D5EF5BC}.Debug|x86.Build.0 = Debug|x86
		{B181F311-AD89-47C1-81F3-ABD30D5EF5BC}.Release|Any CPU.ActiveCfg = Release|Any CPU
		{B181F311-AD89-47C1-81F3-ABD30D5EF5BC}.Release|Any CPU.Build.0 = Release|Any CPU
		{B181F311-AD89-47C1-81F3-ABD30D5EF5BC}.Release|ARM.ActiveCfg = Release|ARM
		{B181F311-AD89-47C1-81F3-ABD30D5EF5BC}.Release|ARM.Build.0 = Release|ARM
		{B181F311-AD89-47C1-81F3-ABD30D5EF5BC}.Release|ARM64.ActiveCfg = Release|ARM64
		{B181F311-AD89-47C1-81F3-ABD30D5EF5BC}.Release|ARM64.Build.0 = Release|ARM64
		{B181F311-AD89-47C1-81F3-ABD30D5EF5BC}.Release|x64.ActiveCfg = Release|x64
		{B181F311-AD89-47C1-81F3-ABD30D5EF5BC}.Release|x64.Build.0 = Release|x64
		{B181F311-AD89-47C1-81F3-ABD30D5EF5BC}.Release|x86.ActiveCfg = Release|x86
		{B181F311-AD89-47C1-81F3-ABD30D5EF5BC}.Release|x86.Build.0 = Release|x86
	EndGlobalSection
	GlobalSection(SolutionProperties) = preSolution
		HideSolutionNode = FALSE
	EndGlobalSection
	GlobalSection(ExtensibilityGlobals) = postSolution
		SolutionGuid = {D355E76A-B034-4211-888F-174F9A07572A}
	EndGlobalSection
EndGlobal
