
Microsoft Visual Studio Solution File, Format Version 12.00
# Visual Studio 15
VisualStudioVersion = 15.0.28307.902
MinimumVisualStudioVersion = 10.0.40219.1
Project("{FAE04EC0-301F-11D3-BF4B-00C04F79EFBC}") = "BuscaMinas", "BuscaMinas\BuscaMinas.csproj", "{52792EB8-31DC-4366-BEF5-D58971954DD3}"
EndProject
Global
	GlobalSection(SolutionConfigurationPlatforms) = preSolution
		Debug|ARM = Debug|ARM
		Debug|ARM64 = Debug|ARM64
		Debug|x64 = Debug|x64
		Debug|x86 = Debug|x86
		Release|ARM = Release|ARM
		Release|ARM64 = Release|ARM64
		Release|x64 = Release|x64
		Release|x86 = Release|x86
	EndGlobalSection
	GlobalSection(ProjectConfigurationPlatforms) = postSolution
		{52792EB8-31DC-4366-BEF5-D58971954DD3}.Debug|ARM.ActiveCfg = Debug|ARM
		{52792EB8-31DC-4366-BEF5-D58971954DD3}.Debug|ARM.Build.0 = Debug|ARM
		{52792EB8-31DC-4366-BEF5-D58971954DD3}.Debug|ARM.Deploy.0 = Debug|ARM
		{52792EB8-31DC-4366-BEF5-D58971954DD3}.Debug|ARM64.ActiveCfg = Debug|ARM64
		{52792EB8-31DC-4366-BEF5-D58971954DD3}.Debug|ARM64.Build.0 = Debug|ARM64
		{52792EB8-31DC-4366-BEF5-D58971954DD3}.Debug|ARM64.Deploy.0 = Debug|ARM64
		{52792EB8-31DC-4366-BEF5-D58971954DD3}.Debug|x64.ActiveCfg = Debug|x64
		{52792EB8-31DC-4366-BEF5-D58971954DD3}.Debug|x64.Build.0 = Debug|x64
		{52792EB8-31DC-4366-BEF5-D58971954DD3}.Debug|x64.Deploy.0 = Debug|x64
		{52792EB8-31DC-4366-BEF5-D58971954DD3}.Debug|x86.ActiveCfg = Debug|x86
		{52792EB8-31DC-4366-BEF5-D58971954DD3}.Debug|x86.Build.0 = Debug|x86
		{52792EB8-31DC-4366-BEF5-D58971954DD3}.Debug|x86.Deploy.0 = Debug|x86
		{52792EB8-31DC-4366-BEF5-D58971954DD3}.Release|ARM.ActiveCfg = Release|ARM
		{52792EB8-31DC-4366-BEF5-D58971954DD3}.Release|ARM.Build.0 = Release|ARM
		{52792EB8-31DC-4366-BEF5-D58971954DD3}.Release|ARM.Deploy.0 = Release|ARM
		{52792EB8-31DC-4366-BEF5-D58971954DD3}.Release|ARM64.ActiveCfg = Release|ARM64
		{52792EB8-31DC-4366-BEF5-D58971954DD3}.Release|ARM64.Build.0 = Release|ARM64
		{52792EB8-31DC-4366-BEF5-D58971954DD3}.Release|ARM64.Deploy.0 = Release|ARM64
		{52792EB8-31DC-4366-BEF5-D58971954DD3}.Release|x64.ActiveCfg = Release|x64
		{52792EB8-31DC-4366-BEF5-D58971954DD3}.Release|x64.Build.0 = Release|x64
		{52792EB8-31DC-4366-BEF5-D58971954DD3}.Release|x64.Deploy.0 = Release|x64
		{52792EB8-31DC-4366-BEF5-D58971954DD3}.Release|x86.ActiveCfg = Release|x86
		{52792EB8-31DC-4366-BEF5-D58971954DD3}.Release|x86.Build.0 = Release|x86
		{52792EB8-31DC-4366-BEF5-D58971954DD3}.Release|x86.Deploy.0 = Release|x86
	EndGlobalSection
	GlobalSection(SolutionProperties) = preSolution
		HideSolutionNode = FALSE
	EndGlobalSection
	GlobalSection(ExtensibilityGlobals) = postSolution
		SolutionGuid = {9BDBCE56-28E1-43EC-A25A-7BF9C123615D}
	EndGlobalSection
EndGlobal
